
Microsoft Visual Studio Solution File, Format Version 12.00
# Visual Studio Version 16
VisualStudioVersion = 16.0.31702.278
MinimumVisualStudioVersion = 10.0.40219.1
Project("{9A19103F-16F7-4668-BE54-9A1E7A4F7556}") = "ConsoleApp1", "ConsoleApp1.csproj", "{00EA77CF-FB57-4300-BE41-1954710DBDC8}"
EndProject
Project("{9A19103F-16F7-4668-BE54-9A1E7A4F7556}") = "WorldInteraction", "..\WorldInteraction\WorldInteraction.csproj", "{A81CE334-BC93-4EBE-9DCC-CC5501E0FB60}"
EndProject
Global
	GlobalSection(SolutionConfigurationPlatforms) = preSolution
		Debug|Any CPU = Debug|Any CPU
		Release|Any CPU = Release|Any CPU
	EndGlobalSection
	GlobalSection(ProjectConfigurationPlatforms) = postSolution
		{00EA77CF-FB57-4300-BE41-1954710DBDC8}.Debug|Any CPU.ActiveCfg = Debug|Any CPU
		{00EA77CF-FB57-4300-BE41-1954710DBDC8}.Debug|Any CPU.Build.0 = Debug|Any CPU
		{00EA77CF-FB57-4300-BE41-1954710DBDC8}.Release|Any CPU.ActiveCfg = Release|Any CPU
		{00EA77CF-FB57-4300-BE41-1954710DBDC8}.Release|Any CPU.Build.0 = Release|Any CPU
		{A81CE334-BC93-4EBE-9DCC-CC5501E0FB60}.Debug|Any CPU.ActiveCfg = Debug|Any CPU
		{A81CE334-BC93-4EBE-9DCC-CC5501E0FB60}.Debug|Any CPU.Build.0 = Debug|Any CPU
		{A81CE334-BC93-4EBE-9DCC-CC5501E0FB60}.Release|Any CPU.ActiveCfg = Release|Any CPU
		{A81CE334-BC93-4EBE-9DCC-CC5501E0FB60}.Release|Any CPU.Build.0 = Release|Any CPU
	EndGlobalSection
	GlobalSection(SolutionProperties) = preSolution
		HideSolutionNode = FALSE
	EndGlobalSection
	GlobalSection(ExtensibilityGlobals) = postSolution
		SolutionGuid = {FE84009C-4CBF-45F9-80F5-74803081CE93}
	EndGlobalSection
EndGlobal
